
Microsoft Visual Studio Solution File, Format Version 12.00
# Visual Studio Version 16
VisualStudioVersion = 16.0.31624.102
MinimumVisualStudioVersion = 10.0.40219.1
Project("{2150E333-8FDC-42A3-9474-1A3956D46DE8}") = "01.Clients", "01.Clients", "{1502A999-A49A-45C1-A0AE-DD66D973E25A}"
EndProject
Project("{2150E333-8FDC-42A3-9474-1A3956D46DE8}") = "02.Api.Gateways", "02.Api.Gateways", "{4B382775-CE32-4FFF-B66F-431F8F12F19B}"
EndProject
Project("{2150E333-8FDC-42A3-9474-1A3956D46DE8}") = "03.Services", "03.Services", "{DFF08369-802A-4C2C-B0A1-7306C08870E5}"
EndProject
Project("{2150E333-8FDC-42A3-9474-1A3956D46DE8}") = "01.Identity", "01.Identity", "{80470F36-EF37-4EE9-BEEA-CD7C29893A93}"
EndProject
Project("{2150E333-8FDC-42A3-9474-1A3956D46DE8}") = "02.Catalog", "02.Catalog", "{B7D788BF-1587-4E4E-8F46-128EA9FA2727}"
EndProject
Project("{2150E333-8FDC-42A3-9474-1A3956D46DE8}") = "03.Customer", "03.Customer", "{73D21780-BA8A-4C4A-AD86-5AEF74335D78}"
EndProject
Project("{2150E333-8FDC-42A3-9474-1A3956D46DE8}") = "04.Order", "04.Order", "{90F14D3E-F0E1-4157-A45D-A4D97A4C054A}"
EndProject
Project("{9A19103F-16F7-4668-BE54-9A1E7A4F7556}") = "Catalog.Api", "src\Services\Catalog\Catalog.Api\Catalog.Api.csproj", "{EF844BF1-3E4F-472E-95A2-0D47BCD5709B}"
EndProject
Project("{2150E333-8FDC-42A3-9474-1A3956D46DE8}") = "01.Api", "01.Api", "{18E7C1BC-88FD-4B79-9522-D0CBECB0167A}"
EndProject
Project("{2150E333-8FDC-42A3-9474-1A3956D46DE8}") = "02.Services", "02.Services", "{AF945B20-41E4-4D4C-A40C-60355668FFE0}"
EndProject
Project("{2150E333-8FDC-42A3-9474-1A3956D46DE8}") = "03.Persistence", "03.Persistence", "{E4FC279A-E27C-467B-AC3F-FAA531E49D6F}"
EndProject
Project("{2150E333-8FDC-42A3-9474-1A3956D46DE8}") = "04.Models", "04.Models", "{EE91FED7-DE04-4587-84BE-3BA75513354F}"
EndProject
Project("{9A19103F-16F7-4668-BE54-9A1E7A4F7556}") = "CatalogDomain", "src\Services\Catalog\CatalogDomain\CatalogDomain.csproj", "{BC768524-A2D9-4EED-8DB2-81F93869B86A}"
EndProject
Project("{9A19103F-16F7-4668-BE54-9A1E7A4F7556}") = "Catalog.PersistenceDatabase", "src\Services\Catalog\Catalog.PersistenceDatabase\Catalog.PersistenceDatabase.csproj", "{0DE28211-72B9-4411-9BD0-7722BFEECE6F}"
EndProject
Project("{9A19103F-16F7-4668-BE54-9A1E7A4F7556}") = "Catalog.Service.Queries", "src\Services\Catalog\Catalog.Service.Queries\Catalog.Service.Queries.csproj", "{F6F2D0E0-5A8B-48AD-A67F-F5F01DD7B2A5}"
EndProject
Project("{9A19103F-16F7-4668-BE54-9A1E7A4F7556}") = "Catalog.Service.EventHandlers", "src\Services\Catalog\Catalog.Service.EventHandlers\Catalog.Service.EventHandlers.csproj", "{30F0C266-A836-4E15-8222-5B43852E0340}"
EndProject
Project("{9A19103F-16F7-4668-BE54-9A1E7A4F7556}") = "Service.Common.Collection", "src\Service.Common.Collection\Service.Common.Collection.csproj", "{7BB5E76A-3751-47D8-823D-03FE2415AB34}"
EndProject
Project("{9A19103F-16F7-4668-BE54-9A1E7A4F7556}") = "Service.Common.Mapping", "src\Service.Common.Mapping\Service.Common.Mapping.csproj", "{89E9B5CE-5A29-4B37-A179-630E563AEF1D}"
EndProject
Project("{9A19103F-16F7-4668-BE54-9A1E7A4F7556}") = "Service.Common.Paging", "src\Service.Common.Paging\Service.Common.Paging.csproj", "{0814D99A-3CF2-4AB1-9614-23E30478E5CC}"
EndProject
Project("{2150E333-8FDC-42A3-9474-1A3956D46DE8}") = "Common", "Common", "{FBC5CD25-8103-451E-BCA5-A78E2493B694}"
EndProject
Project("{2150E333-8FDC-42A3-9474-1A3956D46DE8}") = "06.Testing", "06.Testing", "{E1C34162-68BB-4D8B-A01C-F57C34246942}"
EndProject
Project("{FAE04EC0-301F-11D3-BF4B-00C04F79EFBC}") = "Catalog.Test", "src\Services\Catalog\Catalog.Test\Catalog.Test.csproj", "{A31E9571-60FC-48FD-BAC4-F08291AE491C}"
EndProject
Project("{2150E333-8FDC-42A3-9474-1A3956D46DE8}") = "01.Api", "01.Api", "{6A88E911-1793-4416-AC11-63D1E7033C32}"
EndProject
Project("{2150E333-8FDC-42A3-9474-1A3956D46DE8}") = "02.Services", "02.Services", "{8184F54D-1CFA-4A8C-974F-4FC58C19CF4C}"
EndProject
Project("{2150E333-8FDC-42A3-9474-1A3956D46DE8}") = "03.Persistence", "03.Persistence", "{13FE2243-9F4E-492A-8781-8E0D6A7C4D54}"
EndProject
Project("{2150E333-8FDC-42A3-9474-1A3956D46DE8}") = "04.Models", "04.Models", "{46BC7BA4-47F8-468C-A983-F6892A2E7066}"
EndProject
Project("{2150E333-8FDC-42A3-9474-1A3956D46DE8}") = "05.Testing", "05.Testing", "{16B145B5-A8F0-4A0D-930A-4818C2C41220}"
EndProject
Project("{FAE04EC0-301F-11D3-BF4B-00C04F79EFBC}") = "CustomerDomain", "CustomerDomain\CustomerDomain.csproj", "{3191DB7A-3CF2-46F5-A64C-0C9E935BB10B}"
EndProject
Project("{FAE04EC0-301F-11D3-BF4B-00C04F79EFBC}") = "Customer.Api", "Customer.Api\Customer.Api.csproj", "{6DE533DD-DB92-48C7-824B-266294300227}"
EndProject
Project("{FAE04EC0-301F-11D3-BF4B-00C04F79EFBC}") = "Customer.PersistenceDatabase", "Customer.PersistenceDatabase\Customer.PersistenceDatabase.csproj", "{43C62809-27E6-41BC-A30B-F2B9D27F95DF}"
EndProject
Project("{FAE04EC0-301F-11D3-BF4B-00C04F79EFBC}") = "Customer.Service.Queries", "Customer.Service.Queries\Customer.Service.Queries.csproj", "{D70F4F81-35FB-4CBD-A6F1-02ED3EE72D5D}"
EndProject
Project("{FAE04EC0-301F-11D3-BF4B-00C04F79EFBC}") = "Catalog.Service.Proxies", "Catalog.Service.Proxies\Catalog.Service.Proxies.csproj", "{F1E22A6C-C886-4A43-B014-C158447C2CED}"
EndProject
Global
	GlobalSection(SolutionConfigurationPlatforms) = preSolution
		Debug|Any CPU = Debug|Any CPU
		Release|Any CPU = Release|Any CPU
	EndGlobalSection
	GlobalSection(ProjectConfigurationPlatforms) = postSolution
		{EF844BF1-3E4F-472E-95A2-0D47BCD5709B}.Debug|Any CPU.ActiveCfg = Debug|Any CPU
		{EF844BF1-3E4F-472E-95A2-0D47BCD5709B}.Debug|Any CPU.Build.0 = Debug|Any CPU
		{EF844BF1-3E4F-472E-95A2-0D47BCD5709B}.Release|Any CPU.ActiveCfg = Release|Any CPU
		{EF844BF1-3E4F-472E-95A2-0D47BCD5709B}.Release|Any CPU.Build.0 = Release|Any CPU
		{BC768524-A2D9-4EED-8DB2-81F93869B86A}.Debug|Any CPU.ActiveCfg = Debug|Any CPU
		{BC768524-A2D9-4EED-8DB2-81F93869B86A}.Debug|Any CPU.Build.0 = Debug|Any CPU
		{BC768524-A2D9-4EED-8DB2-81F93869B86A}.Release|Any CPU.ActiveCfg = Release|Any CPU
		{BC768524-A2D9-4EED-8DB2-81F93869B86A}.Release|Any CPU.Build.0 = Release|Any CPU
		{0DE28211-72B9-4411-9BD0-7722BFEECE6F}.Debug|Any CPU.ActiveCfg = Debug|Any CPU
		{0DE28211-72B9-4411-9BD0-7722BFEECE6F}.Debug|Any CPU.Build.0 = Debug|Any CPU
		{0DE28211-72B9-4411-9BD0-7722BFEECE6F}.Release|Any CPU.ActiveCfg = Release|Any CPU
		{0DE28211-72B9-4411-9BD0-7722BFEECE6F}.Release|Any CPU.Build.0 = Release|Any CPU
		{F6F2D0E0-5A8B-48AD-A67F-F5F01DD7B2A5}.Debug|Any CPU.ActiveCfg = Debug|Any CPU
		{F6F2D0E0-5A8B-48AD-A67F-F5F01DD7B2A5}.Debug|Any CPU.Build.0 = Debug|Any CPU
		{F6F2D0E0-5A8B-48AD-A67F-F5F01DD7B2A5}.Release|Any CPU.ActiveCfg = Release|Any CPU
		{F6F2D0E0-5A8B-48AD-A67F-F5F01DD7B2A5}.Release|Any CPU.Build.0 = Release|Any CPU
		{30F0C266-A836-4E15-8222-5B43852E0340}.Debug|Any CPU.ActiveCfg = Debug|Any CPU
		{30F0C266-A836-4E15-8222-5B43852E0340}.Debug|Any CPU.Build.0 = Debug|Any CPU
		{30F0C266-A836-4E15-8222-5B43852E0340}.Release|Any CPU.ActiveCfg = Release|Any CPU
		{30F0C266-A836-4E15-8222-5B43852E0340}.Release|Any CPU.Build.0 = Release|Any CPU
		{7BB5E76A-3751-47D8-823D-03FE2415AB34}.Debug|Any CPU.ActiveCfg = Debug|Any CPU
		{7BB5E76A-3751-47D8-823D-03FE2415AB34}.Debug|Any CPU.Build.0 = Debug|Any CPU
		{7BB5E76A-3751-47D8-823D-03FE2415AB34}.Release|Any CPU.ActiveCfg = Release|Any CPU
		{7BB5E76A-3751-47D8-823D-03FE2415AB34}.Release|Any CPU.Build.0 = Release|Any CPU
		{89E9B5CE-5A29-4B37-A179-630E563AEF1D}.Debug|Any CPU.ActiveCfg = Debug|Any CPU
		{89E9B5CE-5A29-4B37-A179-630E563AEF1D}.Debug|Any CPU.Build.0 = Debug|Any CPU
		{89E9B5CE-5A29-4B37-A179-630E563AEF1D}.Release|Any CPU.ActiveCfg = Release|Any CPU
		{89E9B5CE-5A29-4B37-A179-630E563AEF1D}.Release|Any CPU.Build.0 = Release|Any CPU
		{0814D99A-3CF2-4AB1-9614-23E30478E5CC}.Debug|Any CPU.ActiveCfg = Debug|Any CPU
		{0814D99A-3CF2-4AB1-9614-23E30478E5CC}.Debug|Any CPU.Build.0 = Debug|Any CPU
		{0814D99A-3CF2-4AB1-9614-23E30478E5CC}.Release|Any CPU.ActiveCfg = Release|Any CPU
		{0814D99A-3CF2-4AB1-9614-23E30478E5CC}.Release|Any CPU.Build.0 = Release|Any CPU
		{A31E9571-60FC-48FD-BAC4-F08291AE491C}.Debug|Any CPU.ActiveCfg = Debug|Any CPU
		{A31E9571-60FC-48FD-BAC4-F08291AE491C}.Debug|Any CPU.Build.0 = Debug|Any CPU
		{A31E9571-60FC-48FD-BAC4-F08291AE491C}.Release|Any CPU.ActiveCfg = Release|Any CPU
		{A31E9571-60FC-48FD-BAC4-F08291AE491C}.Release|Any CPU.Build.0 = Release|Any CPU
		{3191DB7A-3CF2-46F5-A64C-0C9E935BB10B}.Debug|Any CPU.ActiveCfg = Debug|Any CPU
		{3191DB7A-3CF2-46F5-A64C-0C9E935BB10B}.Debug|Any CPU.Build.0 = Debug|Any CPU
		{3191DB7A-3CF2-46F5-A64C-0C9E935BB10B}.Release|Any CPU.ActiveCfg = Release|Any CPU
		{3191DB7A-3CF2-46F5-A64C-0C9E935BB10B}.Release|Any CPU.Build.0 = Release|Any CPU
		{6DE533DD-DB92-48C7-824B-266294300227}.Debug|Any CPU.ActiveCfg = Debug|Any CPU
		{6DE533DD-DB92-48C7-824B-266294300227}.Debug|Any CPU.Build.0 = Debug|Any CPU
		{6DE533DD-DB92-48C7-824B-266294300227}.Release|Any CPU.ActiveCfg = Release|Any CPU
		{6DE533DD-DB92-48C7-824B-266294300227}.Release|Any CPU.Build.0 = Release|Any CPU
		{43C62809-27E6-41BC-A30B-F2B9D27F95DF}.Debug|Any CPU.ActiveCfg = Debug|Any CPU
		{43C62809-27E6-41BC-A30B-F2B9D27F95DF}.Debug|Any CPU.Build.0 = Debug|Any CPU
		{43C62809-27E6-41BC-A30B-F2B9D27F95DF}.Release|Any CPU.ActiveCfg = Release|Any CPU
		{43C62809-27E6-41BC-A30B-F2B9D27F95DF}.Release|Any CPU.Build.0 = Release|Any CPU
		{D70F4F81-35FB-4CBD-A6F1-02ED3EE72D5D}.Debug|Any CPU.ActiveCfg = Debug|Any CPU
		{D70F4F81-35FB-4CBD-A6F1-02ED3EE72D5D}.Debug|Any CPU.Build.0 = Debug|Any CPU
		{D70F4F81-35FB-4CBD-A6F1-02ED3EE72D5D}.Release|Any CPU.ActiveCfg = Release|Any CPU
		{D70F4F81-35FB-4CBD-A6F1-02ED3EE72D5D}.Release|Any CPU.Build.0 = Release|Any CPU
		{F1E22A6C-C886-4A43-B014-C158447C2CED}.Debug|Any CPU.ActiveCfg = Debug|Any CPU
		{F1E22A6C-C886-4A43-B014-C158447C2CED}.Debug|Any CPU.Build.0 = Debug|Any CPU
		{F1E22A6C-C886-4A43-B014-C158447C2CED}.Release|Any CPU.ActiveCfg = Release|Any CPU
		{F1E22A6C-C886-4A43-B014-C158447C2CED}.Release|Any CPU.Build.0 = Release|Any CPU
	EndGlobalSection
	GlobalSection(SolutionProperties) = preSolution
		HideSolutionNode = FALSE
	EndGlobalSection
	GlobalSection(NestedProjects) = preSolution
		{80470F36-EF37-4EE9-BEEA-CD7C29893A93} = {DFF08369-802A-4C2C-B0A1-7306C08870E5}
		{B7D788BF-1587-4E4E-8F46-128EA9FA2727} = {DFF08369-802A-4C2C-B0A1-7306C08870E5}
		{73D21780-BA8A-4C4A-AD86-5AEF74335D78} = {DFF08369-802A-4C2C-B0A1-7306C08870E5}
		{90F14D3E-F0E1-4157-A45D-A4D97A4C054A} = {DFF08369-802A-4C2C-B0A1-7306C08870E5}
		{EF844BF1-3E4F-472E-95A2-0D47BCD5709B} = {18E7C1BC-88FD-4B79-9522-D0CBECB0167A}
		{18E7C1BC-88FD-4B79-9522-D0CBECB0167A} = {B7D788BF-1587-4E4E-8F46-128EA9FA2727}
		{AF945B20-41E4-4D4C-A40C-60355668FFE0} = {B7D788BF-1587-4E4E-8F46-128EA9FA2727}
		{E4FC279A-E27C-467B-AC3F-FAA531E49D6F} = {B7D788BF-1587-4E4E-8F46-128EA9FA2727}
		{EE91FED7-DE04-4587-84BE-3BA75513354F} = {B7D788BF-1587-4E4E-8F46-128EA9FA2727}
		{BC768524-A2D9-4EED-8DB2-81F93869B86A} = {EE91FED7-DE04-4587-84BE-3BA75513354F}
		{0DE28211-72B9-4411-9BD0-7722BFEECE6F} = {E4FC279A-E27C-467B-AC3F-FAA531E49D6F}
		{F6F2D0E0-5A8B-48AD-A67F-F5F01DD7B2A5} = {AF945B20-41E4-4D4C-A40C-60355668FFE0}
		{30F0C266-A836-4E15-8222-5B43852E0340} = {AF945B20-41E4-4D4C-A40C-60355668FFE0}
		{7BB5E76A-3751-47D8-823D-03FE2415AB34} = {FBC5CD25-8103-451E-BCA5-A78E2493B694}
		{89E9B5CE-5A29-4B37-A179-630E563AEF1D} = {FBC5CD25-8103-451E-BCA5-A78E2493B694}
		{0814D99A-3CF2-4AB1-9614-23E30478E5CC} = {FBC5CD25-8103-451E-BCA5-A78E2493B694}
		{FBC5CD25-8103-451E-BCA5-A78E2493B694} = {DFF08369-802A-4C2C-B0A1-7306C08870E5}
		{E1C34162-68BB-4D8B-A01C-F57C34246942} = {B7D788BF-1587-4E4E-8F46-128EA9FA2727}
		{A31E9571-60FC-48FD-BAC4-F08291AE491C} = {E1C34162-68BB-4D8B-A01C-F57C34246942}
		{6A88E911-1793-4416-AC11-63D1E7033C32} = {73D21780-BA8A-4C4A-AD86-5AEF74335D78}
		{8184F54D-1CFA-4A8C-974F-4FC58C19CF4C} = {73D21780-BA8A-4C4A-AD86-5AEF74335D78}
		{13FE2243-9F4E-492A-8781-8E0D6A7C4D54} = {73D21780-BA8A-4C4A-AD86-5AEF74335D78}
		{46BC7BA4-47F8-468C-A983-F6892A2E7066} = {73D21780-BA8A-4C4A-AD86-5AEF74335D78}
		{16B145B5-A8F0-4A0D-930A-4818C2C41220} = {73D21780-BA8A-4C4A-AD86-5AEF74335D78}
		{3191DB7A-3CF2-46F5-A64C-0C9E935BB10B} = {46BC7BA4-47F8-468C-A983-F6892A2E7066}
		{6DE533DD-DB92-48C7-824B-266294300227} = {6A88E911-1793-4416-AC11-63D1E7033C32}
		{43C62809-27E6-41BC-A30B-F2B9D27F95DF} = {13FE2243-9F4E-492A-8781-8E0D6A7C4D54}
		{D70F4F81-35FB-4CBD-A6F1-02ED3EE72D5D} = {8184F54D-1CFA-4A8C-974F-4FC58C19CF4C}
		{F1E22A6C-C886-4A43-B014-C158447C2CED} = {AF945B20-41E4-4D4C-A40C-60355668FFE0}
	EndGlobalSection
	GlobalSection(ExtensibilityGlobals) = postSolution
		SolutionGuid = {6AF5DE14-5141-44EC-95AC-6FC1992668E1}
	EndGlobalSection
EndGlobal
